
Microsoft Visual Studio Solution File, Format Version 12.00
# Visual Studio Version 17
VisualStudioVersion = 17.11.35312.102
MinimumVisualStudioVersion = 10.0.40219.1
Project("{FAE04EC0-301F-11D3-BF4B-00C04F79EFBC}") = "RespawnProtection", "RespawnProtection\RespawnProtection.csproj", "{211E27CE-8FEF-4E46-A211-2CA9D2C0992A}"
EndProject
Global
	GlobalSection(SolutionConfigurationPlatforms) = preSolution
		Debug|Any CPU = Debug|Any CPU
		Release|Any CPU = Release|Any CPU
	EndGlobalSection
	GlobalSection(ProjectConfigurationPlatforms) = postSolution
		{211E27CE-8FEF-4E46-A211-2CA9D2C0992A}.Debug|Any CPU.ActiveCfg = Debug|Any CPU
		{211E27CE-8FEF-4E46-A211-2CA9D2C0992A}.Debug|Any CPU.Build.0 = Debug|Any CPU
		{211E27CE-8FEF-4E46-A211-2CA9D2C0992A}.Release|Any CPU.ActiveCfg = Release|Any CPU
		{211E27CE-8FEF-4E46-A211-2CA9D2C0992A}.Release|Any CPU.Build.0 = Release|Any CPU
	EndGlobalSection
	GlobalSection(SolutionProperties) = preSolution
		HideSolutionNode = FALSE
	EndGlobalSection
	GlobalSection(ExtensibilityGlobals) = postSolution
		SolutionGuid = {566B876E-E858-4671-8E89-3AE349142240}
	EndGlobalSection
EndGlobal
